
Microsoft Visual Studio Solution File, Format Version 12.00
# Visual Studio 15
VisualStudioVersion = 15.0.28307.572
MinimumVisualStudioVersion = 10.0.40219.1
Project("{FAE04EC0-301F-11D3-BF4B-00C04F79EFBC}") = "QuasiRandomGeneratorsLib", "QuasiRandomGeneratorsLib\QuasiRandomGeneratorsLib.csproj", "{1F2AD4AB-0777-4C20-ADE4-70F4436DB749}"
EndProject
Project("{FAE04EC0-301F-11D3-BF4B-00C04F79EFBC}") = "QuasiRandomGeneratorsLib.Tests", "QuasiRandomGeneratorsLib.Tests\QuasiRandomGeneratorsLib.Tests.csproj", "{243ACDCB-4915-45BD-B34E-9B6057637FF0}"
EndProject
Project("{FAE04EC0-301F-11D3-BF4B-00C04F79EFBC}") = "MyUtilsLib", "MyUtilsLib\MyUtilsLib.csproj", "{18AA8900-C0E9-4625-B50B-896F7F6DC634}"
EndProject
Global
	GlobalSection(SolutionConfigurationPlatforms) = preSolution
		Debug|Any CPU = Debug|Any CPU
		Release|Any CPU = Release|Any CPU
	EndGlobalSection
	GlobalSection(ProjectConfigurationPlatforms) = postSolution
		{1F2AD4AB-0777-4C20-ADE4-70F4436DB749}.Debug|Any CPU.ActiveCfg = Debug|Any CPU
		{1F2AD4AB-0777-4C20-ADE4-70F4436DB749}.Debug|Any CPU.Build.0 = Debug|Any CPU
		{1F2AD4AB-0777-4C20-ADE4-70F4436DB749}.Release|Any CPU.ActiveCfg = Release|Any CPU
		{1F2AD4AB-0777-4C20-ADE4-70F4436DB749}.Release|Any CPU.Build.0 = Release|Any CPU
		{243ACDCB-4915-45BD-B34E-9B6057637FF0}.Debug|Any CPU.ActiveCfg = Debug|Any CPU
		{243ACDCB-4915-45BD-B34E-9B6057637FF0}.Debug|Any CPU.Build.0 = Debug|Any CPU
		{243ACDCB-4915-45BD-B34E-9B6057637FF0}.Release|Any CPU.ActiveCfg = Release|Any CPU
		{243ACDCB-4915-45BD-B34E-9B6057637FF0}.Release|Any CPU.Build.0 = Release|Any CPU
		{18AA8900-C0E9-4625-B50B-896F7F6DC634}.Debug|Any CPU.ActiveCfg = Debug|Any CPU
		{18AA8900-C0E9-4625-B50B-896F7F6DC634}.Debug|Any CPU.Build.0 = Debug|Any CPU
		{18AA8900-C0E9-4625-B50B-896F7F6DC634}.Release|Any CPU.ActiveCfg = Release|Any CPU
		{18AA8900-C0E9-4625-B50B-896F7F6DC634}.Release|Any CPU.Build.0 = Release|Any CPU
	EndGlobalSection
	GlobalSection(SolutionProperties) = preSolution
		HideSolutionNode = FALSE
	EndGlobalSection
	GlobalSection(ExtensibilityGlobals) = postSolution
		SolutionGuid = {FAEA98F1-FFE8-4F48-80B3-209E94211D7F}
	EndGlobalSection
EndGlobal
